
Microsoft Visual Studio Solution File, Format Version 12.00
# Visual Studio Version 16
VisualStudioVersion = 16.0.30621.155
MinimumVisualStudioVersion = 10.0.40219.1
Project("{9A19103F-16F7-4668-BE54-9A1E7A4F7556}") = "IoTDPSWithX509CA", "IoTDPSWithX509CA\IoTDPSWithX509CA.csproj", "{0161FF68-56DF-4878-9760-D70207EBFA44}"
EndProject
Project("{9A19103F-16F7-4668-BE54-9A1E7A4F7556}") = "IoTDPSWithSC", "IoTDPSWithSS\IoTDPSWithSC.csproj", "{E191D124-C144-421D-9EC4-5EC52DF9007F}"
EndProject
Project("{9A19103F-16F7-4668-BE54-9A1E7A4F7556}") = "IoTDPSWithSAS", "IoTDPSWithSAS\IoTDPSWithSAS.csproj", "{9896DCBF-681A-4E63-8F2F-2001D171100D}"
EndProject
Global
	GlobalSection(SolutionConfigurationPlatforms) = preSolution
		Debug|Any CPU = Debug|Any CPU
		Release|Any CPU = Release|Any CPU
	EndGlobalSection
	GlobalSection(ProjectConfigurationPlatforms) = postSolution
		{0161FF68-56DF-4878-9760-D70207EBFA44}.Debug|Any CPU.ActiveCfg = Debug|Any CPU
		{0161FF68-56DF-4878-9760-D70207EBFA44}.Debug|Any CPU.Build.0 = Debug|Any CPU
		{0161FF68-56DF-4878-9760-D70207EBFA44}.Release|Any CPU.ActiveCfg = Release|Any CPU
		{0161FF68-56DF-4878-9760-D70207EBFA44}.Release|Any CPU.Build.0 = Release|Any CPU
		{E191D124-C144-421D-9EC4-5EC52DF9007F}.Debug|Any CPU.ActiveCfg = Debug|Any CPU
		{E191D124-C144-421D-9EC4-5EC52DF9007F}.Debug|Any CPU.Build.0 = Debug|Any CPU
		{E191D124-C144-421D-9EC4-5EC52DF9007F}.Release|Any CPU.ActiveCfg = Release|Any CPU
		{E191D124-C144-421D-9EC4-5EC52DF9007F}.Release|Any CPU.Build.0 = Release|Any CPU
		{9896DCBF-681A-4E63-8F2F-2001D171100D}.Debug|Any CPU.ActiveCfg = Debug|Any CPU
		{9896DCBF-681A-4E63-8F2F-2001D171100D}.Debug|Any CPU.Build.0 = Debug|Any CPU
		{9896DCBF-681A-4E63-8F2F-2001D171100D}.Release|Any CPU.ActiveCfg = Release|Any CPU
		{9896DCBF-681A-4E63-8F2F-2001D171100D}.Release|Any CPU.Build.0 = Release|Any CPU
	EndGlobalSection
	GlobalSection(SolutionProperties) = preSolution
		HideSolutionNode = FALSE
	EndGlobalSection
	GlobalSection(ExtensibilityGlobals) = postSolution
		SolutionGuid = {1BA866C7-ABB2-4184-B930-67295C7C6B12}
	EndGlobalSection
EndGlobal
